github.com/hymatrix/hymx v0.6.0 h1:JQGoHJh98h6NgYidK26X2+7k3PmTFXQ6hA1Ra8xKUJ4=
github.com/hymatrix/hymx v0.6.0/go.mod h1:xSLFJXLkclwpxVDf5Pw0nkD3LUnT8GI2XD/mAB67UVs=
github.com/permadao/goar v1.1.1 h1:C1Sv/v57SOAb59qn/zH9UXgE9u+3e6bYIqZ8ocrJt1E=
github.com/permadao/goar v1.1.1/go.mod h1:HgUtU74aB557YRhFav63BI8Z23X9ehT7upia0ZhSL5s=
